
Microsoft Visual Studio Solution File, Format Version 11.00
# Visual Studio 2010
Project("{FAE04EC0-301F-11D3-BF4B-00C04F79EFBC}") = "Calculator", "Calculator\Calculator.csproj", "{02657599-C471-422C-A38F-C445D0DE59C8}"
EndProject
Project("{FAE04EC0-301F-11D3-BF4B-00C04F79EFBC}") = "Tests", "Tests\Tests.csproj", "{DE7F3B02-380E-4A07-AE82-7DBD90D46A1C}"
EndProject
Project("{2150E333-8FDC-42A3-9474-1A3956D46DE8}") = "Solution Items", "Solution Items", "{E6AAF2D3-116D-40CC-AE31-B6D1E2B6CF4F}"
	ProjectSection(SolutionItems) = preProject
		Calculator.vsmdi = Calculator.vsmdi
		Local.testsettings = Local.testsettings
		TraceAndTestImpact.testsettings = TraceAndTestImpact.testsettings
	EndProjectSection
EndProject
Global
	GlobalSection(TestCaseManagementSettings) = postSolution
		CategoryFile = Calculator.vsmdi
	EndGlobalSection
	GlobalSection(SolutionConfigurationPlatforms) = preSolution
		Debug|Any CPU = Debug|Any CPU
		Release|Any CPU = Release|Any CPU
	EndGlobalSection
	GlobalSection(ProjectConfigurationPlatforms) = postSolution
		{02657599-C471-422C-A38F-C445D0DE59C8}.Debug|Any CPU.ActiveCfg = Debug|Any CPU
		{02657599-C471-422C-A38F-C445D0DE59C8}.Debug|Any CPU.Build.0 = Debug|Any CPU
		{02657599-C471-422C-A38F-C445D0DE59C8}.Release|Any CPU.ActiveCfg = Release|Any CPU
		{02657599-C471-422C-A38F-C445D0DE59C8}.Release|Any CPU.Build.0 = Release|Any CPU
		{DE7F3B02-380E-4A07-AE82-7DBD90D46A1C}.Debug|Any CPU.ActiveCfg = Debug|Any CPU
		{DE7F3B02-380E-4A07-AE82-7DBD90D46A1C}.Debug|Any CPU.Build.0 = Debug|Any CPU
		{DE7F3B02-380E-4A07-AE82-7DBD90D46A1C}.Release|Any CPU.ActiveCfg = Release|Any CPU
		{DE7F3B02-380E-4A07-AE82-7DBD90D46A1C}.Release|Any CPU.Build.0 = Release|Any CPU
	EndGlobalSection
	GlobalSection(SolutionProperties) = preSolution
		HideSolutionNode = FALSE
	EndGlobalSection
EndGlobal
