
Microsoft Visual Studio Solution File, Format Version 11.00
# Visual Studio 2010
Project("{FAE04EC0-301F-11D3-BF4B-00C04F79EFBC}") = "Calculator", "Calculator\Calculator.csproj", "{02657599-C471-422C-A38F-C445D0DE59C8}"
EndProject
Project("{FAE04EC0-301F-11D3-BF4B-00C04F79EFBC}") = "Tests", "Tests\Tests.csproj", "{DE7F3B02-380E-4A07-AE82-7DBD90D46A1C}"
EndProject
Global
	GlobalSection(TestCaseManagementSettings) = postSolution
		CategoryFile = Calculator.vsmdi
	EndGlobalSection
	GlobalSection(SolutionConfigurationPlatforms) = preSolution
		Debug|Any CPU = Debug|Any CPU
		Release|Any CPU = Release|Any CPU
	EndGlobalSection
	GlobalSection(ProjectConfigurationPlatforms) = postSolution
		{02657599-C471-422C-A38F-C445D0DE59C8}.Debug|Any CPU.ActiveCfg = Debug|Any CPU
		{02657599-C471-422C-A38F-C445D0DE59C8}.Debug|Any CPU.Build.0 = Debug|Any CPU
		{02657599-C471-422C-A38F-C445D0DE59C8}.Release|Any CPU.ActiveCfg = Release|Any CPU
		{02657599-C471-422C-A38F-C445D0DE59C8}.Release|Any CPU.Build.0 = Release|Any CPU
		{DE7F3B02-380E-4A07-AE82-7DBD90D46A1C}.Debug|Any CPU.ActiveCfg = Debug|Any CPU
		{DE7F3B02-380E-4A07-AE82-7DBD90D46A1C}.Debug|Any CPU.Build.0 = Debug|Any CPU
		{DE7F3B02-380E-4A07-AE82-7DBD90D46A1C}.Release|Any CPU.ActiveCfg = Release|Any CPU
		{DE7F3B02-380E-4A07-AE82-7DBD90D46A1C}.Release|Any CPU.Build.0 = Release|Any CPU
	EndGlobalSection
	GlobalSection(SolutionProperties) = preSolution
		HideSolutionNode = FALSE
	EndGlobalSection
EndGlobal
